{
    "_meta": {
        "hash": {
            "sha256": "cd9a0138473905525f807f3dcdc9a68dd20fa52a3199d3c5befb9ee6251277a3"
        },
        "pipfile-spec": 6,
        "requires": {
            "python_version": "3.6"
        },
        "sources": [
            {
                "name": "pypi",
                "url": "https://pypi.org/simple",
                "verify_ssl": true
            }
        ]
    },
    "default": {},
    "develop": {
        "aiohttp": {
            "hashes": [
                "sha256:173267050501e1537293df06723bc5e719990889e2820ba3932969983892e960",
                "sha256:438f1f1555c02c50894604d94944cff188fe138b46467b7fa99fdceb51ab5842",
                "sha256:90bed250d1435aef33a1f8c439c5056d5d25a44fe6caf33fcafafed805bad4dc",
                "sha256:93c3b14747413f38f094a60e98f55e73831f0c9a23ae7faa3dc97d8963e13021",
                "sha256:a6e70a38d883185b1921d8122759661c39ade54949770394412a9e713fec6fa7",
                "sha256:b5036133c1ba77ed5a70208d2a021a90b76fdf8bf523ae33dae46d4f4380d86f",
                "sha256:c138451a82cdbf65cddf952941d5c7a1a2cac8ce3bc618dee8d889e5251ec7a5",
                "sha256:c94770383e49f9cc5912b926364ad022a6c8a5dbf5498933ca3a5713c6daf738",
                "sha256:ea26536ae06df6dac021303a0df72c79e55512070e6a304ba93ad468a3a754dc"
            ],
            "index": "pypi",
            "version": "==4.0.0a1"
        },
        "alabaster": {
            "hashes": [
                "sha256:446438bdcca0e05bd45ea2de1668c1d9b032e1a9154c2c259092d77031ddd359",
                "sha256:a661d72d58e6ea8a57f7a86e37d86716863ee5e92788398526d58b26a4e4dc02"
            ],
            "version": "==0.7.12"
        },
        "appdirs": {
            "hashes": [
                "sha256:7d5d0167b2b1ba821647616af46a749d1c653740dd0d2415100fe26e27afdf41",
                "sha256:a841dacd6b99318a741b166adb07e19ee71a274450e68237b4650ca1055ab128"
            ],
            "version": "==1.4.4"
        },
        "async-timeout": {
            "hashes": [
                "sha256:0c3c816a028d47f659d6ff5c745cb2acf1f966da1fe5c19c77a70282b25f4c5f",
                "sha256:4291ca197d287d274d0b6cb5d6f8f8f82d434ed288f962539ff18cc9012f9ea3"
            ],
            "markers": "python_full_version >= '3.5.3'",
            "version": "==3.0.1"
        },
        "attrs": {
            "hashes": [
                "sha256:149e90d6d8ac20db7a955ad60cf0e6881a3f20d37096140088356da6c716b0b1",
                "sha256:ef6aaac3ca6cd92904cdd0d83f629a15f18053ec84e6432106f7a4d04ae4f5fb"
            ],
            "markers": "python_version >= '2.7' and python_version not in '3.0, 3.1, 3.2, 3.3, 3.4'",
            "version": "==21.2.0"
        },
        "babel": {
            "hashes": [
                "sha256:ab49e12b91d937cd11f0b67cb259a57ab4ad2b59ac7a3b41d6c06c0ac5b0def9",
                "sha256:bc0c176f9f6a994582230df350aa6e05ba2ebe4b3ac317eab29d9be5d2768da0"
            ],
            "index": "pypi",
            "version": "==2.9.1"
        },
        "black": {
            "hashes": [
                "sha256:1b30e59be925fafc1ee4565e5e08abef6b03fe455102883820fe5ee2e4734e0b",
                "sha256:c2edb73a08e9e0e6f65a0e6af18b059b8b1cdd5bef997d7a0b181df93dc81539"
            ],
            "index": "pypi",
            "version": "==19.10b0"
        },
        "certifi": {
            "hashes": [
                "sha256:78884e7c1d4b00ce3cea67b44566851c4343c120abd683433ce934a68ea58872",
                "sha256:d62a0163eb4c2344ac042ab2bdf75399a71a2d8c7d47eac2e2ee91b9d6339569"
            ],
            "version": "==2021.10.8"
        },
        "chardet": {
            "hashes": [
                "sha256:84ab92ed1c4d4f16916e05906b6b75a6c0fb5db821cc65e70cbd64a3e2a5eaae",
                "sha256:fc323ffcaeaed0e0a02bf4d117757b98aed530d9ed4531e3e15460124c106691"
            ],
            "version": "==3.0.4"
        },
        "charset-normalizer": {
            "hashes": [
                "sha256:e019de665e2bcf9c2b64e2e5aa025fa991da8720daa3c1138cadd2fd1856aed0",
                "sha256:f7af805c321bfa1ce6714c51f254e0d5bb5e5834039bc17db7ebe3a4cec9492b"
            ],
            "markers": "python_version >= '3'",
            "version": "==2.0.7"
        },
        "click": {
            "hashes": [
                "sha256:353f466495adaeb40b6b5f592f9f91cb22372351c84caeb068132442a4518ef3",
                "sha256:410e932b050f5eed773c4cda94de75971c89cdb3155a72a0831139a79e5ecb5b"
            ],
            "markers": "python_version >= '3.6'",
            "version": "==8.0.3"
        },
        "codecov": {
            "hashes": [
                "sha256:8ed8b7c6791010d359baed66f84f061bba5bd41174bf324c31311e8737602788",
                "sha256:ae00d68e18d8a20e9c3288ba3875ae03db3a8e892115bf9b83ef20507732bed4"
            ],
            "index": "pypi",
            "version": "==2.0.15"
        },
        "coverage": {
            "hashes": [
                "sha256:15cf13a6896048d6d947bf7d222f36e4809ab926894beb748fc9caa14605d9c3",
                "sha256:1daa3eceed220f9fdb80d5ff950dd95112cd27f70d004c7918ca6dfc6c47054c",
                "sha256:1e44a022500d944d42f94df76727ba3fc0a5c0b672c358b61067abb88caee7a0",
                "sha256:25dbf1110d70bab68a74b4b9d74f30e99b177cde3388e07cc7272f2168bd1477",
                "sha256:3230d1003eec018ad4a472d254991e34241e0bbd513e97a29727c7c2f637bd2a",
                "sha256:3dbb72eaeea5763676a1a1efd9b427a048c97c39ed92e13336e726117d0b72bf",
                "sha256:5012d3b8d5a500834783689a5d2292fe06ec75dc86ee1ccdad04b6f5bf231691",
                "sha256:51bc7710b13a2ae0c726f69756cf7ffd4362f4ac36546e243136187cfcc8aa73",
                "sha256:527b4f316e6bf7755082a783726da20671a0cc388b786a64417780b90565b987",
                "sha256:722e4557c8039aad9592c6a4213db75da08c2cd9945320220634f637251c3894",
                "sha256:76e2057e8ffba5472fd28a3a010431fd9e928885ff480cb278877c6e9943cc2e",
                "sha256:77afca04240c40450c331fa796b3eab6f1e15c5ecf8bf2b8bee9706cd5452fef",
                "sha256:7afad9835e7a651d3551eab18cbc0fdb888f0a6136169fbef0662d9cdc9987cf",
                "sha256:9bea19ac2f08672636350f203db89382121c9c2ade85d945953ef3c8cf9d2a68",
                "sha256:a8b8ac7876bc3598e43e2603f772d2353d9931709345ad6c1149009fd1bc81b8",
                "sha256:b0840b45187699affd4c6588286d429cd79a99d509fe3de0f209594669bb0954",
                "sha256:b26aaf69713e5674efbde4d728fb7124e429c9466aeaf5f4a7e9e699b12c9fe2",
                "sha256:b63dd43f455ba878e5e9f80ba4f748c0a2156dde6e0e6e690310e24d6e8caf40",
                "sha256:be18f4ae5a9e46edae3f329de2191747966a34a3d93046dbdf897319923923bc",
                "sha256:c312e57847db2526bc92b9bfa78266bfbaabac3fdcd751df4d062cd4c23e46dc",
                "sha256:c60097190fe9dc2b329a0eb03393e2e0829156a589bd732e70794c0dd804258e",
                "sha256:c62a2143e1313944bf4a5ab34fd3b4be15367a02e9478b0ce800cb510e3bbb9d",
                "sha256:cc1109f54a14d940b8512ee9f1c3975c181bbb200306c6d8b87d93376538782f",
                "sha256:cd60f507c125ac0ad83f05803063bed27e50fa903b9c2cfee3f8a6867ca600fc",
                "sha256:d513cc3db248e566e07a0da99c230aca3556d9b09ed02f420664e2da97eac301",
                "sha256:d649dc0bcace6fcdb446ae02b98798a856593b19b637c1b9af8edadf2b150bea",
                "sha256:d7008a6796095a79544f4da1ee49418901961c97ca9e9d44904205ff7d6aa8cb",
                "sha256:da93027835164b8223e8e5af2cf902a4c80ed93cb0909417234f4a9df3bcd9af",
                "sha256:e69215621707119c6baf99bda014a45b999d37602cb7043d943c76a59b05bf52",
                "sha256:ea9525e0fef2de9208250d6c5aeeee0138921057cd67fcef90fbed49c4d62d37",
                "sha256:fca1669d464f0c9831fd10be2eef6b86f5ebd76c724d1e0706ebdff86bb4adf0"
            ],
            "index": "pypi",
            "version": "==5.0.3"
        },
        "docutils": {
            "hashes": [
                "sha256:3288f0fb1e18c681813b974db198f400afb0f5f35a2a5df1ee5c47ae6d47bf1e",
                "sha256:9e58b13b7b578c154975e5d15078532859fec4a8131ff59a31f4cea80eb09d9f"
            ],
            "markers": "python_version >= '2.7' and python_version not in '3.0, 3.1, 3.2, 3.3, 3.4'",
            "version": "==0.18b1"
        },
        "entrypoints": {
            "hashes": [
                "sha256:589f874b313739ad35be6e0cd7efde2a4e9b6fea91edcc34e58ecbb8dbe56d19",
                "sha256:c70dd71abe5a8c85e55e12c19bd91ccfeec11a6e99044204511f9ed547d48451"
            ],
            "markers": "python_version >= '2.7'",
            "version": "==0.3"
        },
        "flake8": {
            "hashes": [
                "sha256:45681a117ecc81e870cbf1262835ae4af5e7a8b08e40b944a8a6e6b895914cfb",
                "sha256:49356e766643ad15072a789a20915d3c91dc89fd313ccd71802303fd67e4deca"
            ],
            "index": "pypi",
            "version": "==3.7.9"
        },
        "idna": {
            "hashes": [
                "sha256:84d9dd047ffa80596e0f246e2eab0b391788b0503584e8945f2368256d2735ff",
                "sha256:9d643ff0a55b762d5cdb124b8eaa99c66322e2157b69160bc32796e824360e6d"
            ],
            "markers": "python_version >= '3'",
            "version": "==3.3"
        },
        "idna-ssl": {
            "hashes": [
                "sha256:a933e3bb13da54383f9e8f35dc4f9cb9eb9b3b78c6b36f311254d6d0d92c6c7c"
            ],
            "markers": "python_version < '3.7'",
            "version": "==1.1.0"
        },
        "imagesize": {
            "hashes": [
                "sha256:6965f19a6a2039c7d48bca7dba2473069ff854c36ae6f19d2cde309d998228a1",
                "sha256:b1f6b5a4eab1f73479a50fb79fcf729514a900c341d8503d62a62dbc4127a2b1"
            ],
            "markers": "python_version >= '2.7' and python_version not in '3.0, 3.1, 3.2, 3.3'",
            "version": "==1.2.0"
        },
        "importlib-metadata": {
            "hashes": [
                "sha256:b618b6d2d5ffa2f16add5697cf57a46c76a56229b0ed1c438322e4e95645bd15",
                "sha256:f284b3e11256ad1e5d03ab86bb2ccd6f5339688ff17a4d797a0fe7df326f23b1"
            ],
            "markers": "python_version < '3.8'",
            "version": "==4.8.1"
        },
        "jinja2": {
            "hashes": [
                "sha256:827a0e32839ab1600d4eb1c4c33ec5a8edfbc5cb42dafa13b81f182f97784b45",
                "sha256:8569982d3f0889eed11dd620c706d39b60c36d6d25843961f33f77fb6bc6b20c"
            ],
            "markers": "python_version >= '3.6'",
            "version": "==3.0.2"
        },
        "markupsafe": {
            "hashes": [
                "sha256:01a9b8ea66f1658938f65b93a85ebe8bc016e6769611be228d797c9d998dd298",
                "sha256:023cb26ec21ece8dc3907c0e8320058b2e0cb3c55cf9564da612bc325bed5e64",
                "sha256:0446679737af14f45767963a1a9ef7620189912317d095f2d9ffa183a4d25d2b",
                "sha256:0717a7390a68be14b8c793ba258e075c6f4ca819f15edfc2a3a027c823718567",
                "sha256:0955295dd5eec6cb6cc2fe1698f4c6d84af2e92de33fbcac4111913cd100a6ff",
                "sha256:0d4b31cc67ab36e3392bbf3862cfbadac3db12bdd8b02a2731f509ed5b829724",
                "sha256:10f82115e21dc0dfec9ab5c0223652f7197feb168c940f3ef61563fc2d6beb74",
                "sha256:168cd0a3642de83558a5153c8bd34f175a9a6e7f6dc6384b9655d2697312a646",
                "sha256:1d609f577dc6e1aa17d746f8bd3c31aa4d258f4070d61b2aa5c4166c1539de35",
                "sha256:1f2ade76b9903f39aa442b4aadd2177decb66525062db244b35d71d0ee8599b6",
                "sha256:2a7d351cbd8cfeb19ca00de495e224dea7e7d919659c2841bbb7f420ad03e2d6",
                "sha256:2d7d807855b419fc2ed3e631034685db6079889a1f01d5d9dac950f764da3dad",
                "sha256:2ef54abee730b502252bcdf31b10dacb0a416229b72c18b19e24a4509f273d26",
                "sha256:36bc903cbb393720fad60fc28c10de6acf10dc6cc883f3e24ee4012371399a38",
                "sha256:37205cac2a79194e3750b0af2a5720d95f786a55ce7df90c3af697bfa100eaac",
                "sha256:3c112550557578c26af18a1ccc9e090bfe03832ae994343cfdacd287db6a6ae7",
                "sha256:3dd007d54ee88b46be476e293f48c85048603f5f516008bee124ddd891398ed6",
                "sha256:47ab1e7b91c098ab893b828deafa1203de86d0bc6ab587b160f78fe6c4011f75",
                "sha256:49e3ceeabbfb9d66c3aef5af3a60cc43b85c33df25ce03d0031a608b0a8b2e3f",
                "sha256:4efca8f86c54b22348a5467704e3fec767b2db12fc39c6d963168ab1d3fc9135",
                "sha256:53edb4da6925ad13c07b6d26c2a852bd81e364f95301c66e930ab2aef5b5ddd8",
                "sha256:5855f8438a7d1d458206a2466bf82b0f104a3724bf96a1c781ab731e4201731a",
                "sha256:594c67807fb16238b30c44bdf74f36c02cdf22d1c8cda91ef8a0ed8dabf5620a",
                "sha256:5bb28c636d87e840583ee3adeb78172efc47c8b26127267f54a9c0ec251d41a9",
                "sha256:60bf42e36abfaf9aff1f50f52644b336d4f0a3fd6d8a60ca0d054ac9f713a864",
                "sha256:611d1ad9a4288cf3e3c16014564df047fe08410e628f89805e475368bd304914",
                "sha256:6557b31b5e2c9ddf0de32a691f2312a32f77cd7681d8af66c2692efdbef84c18",
                "sha256:693ce3f9e70a6cf7d2fb9e6c9d8b204b6b39897a2c4a1aa65728d5ac97dcc1d8",
                "sha256:6a7fae0dd14cf60ad5ff42baa2e95727c3d81ded453457771d02b7d2b3f9c0c2",
                "sha256:6c4ca60fa24e85fe25b912b01e62cb969d69a23a5d5867682dd3e80b5b02581d",
                "sha256:6fcf051089389abe060c9cd7caa212c707e58153afa2c649f00346ce6d260f1b",
                "sha256:7d91275b0245b1da4d4cfa07e0faedd5b0812efc15b702576d103293e252af1b",
                "sha256:905fec760bd2fa1388bb5b489ee8ee5f7291d692638ea5f67982d968366bef9f",
                "sha256:97383d78eb34da7e1fa37dd273c20ad4320929af65d156e35a5e2d89566d9dfb",
                "sha256:984d76483eb32f1bcb536dc27e4ad56bba4baa70be32fa87152832cdd9db0833",
                "sha256:99df47edb6bda1249d3e80fdabb1dab8c08ef3975f69aed437cb69d0a5de1e28",
                "sha256:a30e67a65b53ea0a5e62fe23682cfe22712e01f453b95233b25502f7c61cb415",
                "sha256:ab3ef638ace319fa26553db0624c4699e31a28bb2a835c5faca8f8acf6a5a902",
                "sha256:add36cb2dbb8b736611303cd3bfcee00afd96471b09cda130da3581cbdc56a6d",
                "sha256:b2f4bf27480f5e5e8ce285a8c8fd176c0b03e93dcc6646477d4630e83440c6a9",
                "sha256:b7f2d075102dc8c794cbde1947378051c4e5180d52d276987b8d28a3bd58c17d",
                "sha256:baa1a4e8f868845af802979fcdbf0bb11f94f1cb7ced4c4b8a351bb60d108145",
                "sha256:be98f628055368795d818ebf93da628541e10b75b41c559fdf36d104c5787066",
                "sha256:bf5d821ffabf0ef3533c39c518f3357b171a1651c1ff6827325e4489b0e46c3c",
                "sha256:c47adbc92fc1bb2b3274c4b3a43ae0e4573d9fbff4f54cd484555edbf030baf1",
                "sha256:d7f9850398e85aba693bb640262d3611788b1f29a79f0c93c565694658f4071f",
                "sha256:d8446c54dc28c01e5a2dbac5a25f071f6653e6e40f3a8818e8b45d790fe6ef53",
                "sha256:e0f138900af21926a02425cf736db95be9f4af72ba1bb21453432a07f6082134",
                "sha256:e9936f0b261d4df76ad22f8fee3ae83b60d7c3e871292cd42f40b81b70afae85",
                "sha256:f5653a225f31e113b152e56f154ccbe59eeb1c7487b39b9d9f9cdb58e6c79dc5",
                "sha256:f826e31d18b516f653fe296d967d700fddad5901ae07c622bb3705955e1faa94",
                "sha256:f8ba0e8349a38d3001fae7eadded3f6606f0da5d748ee53cc1dab1d6527b9509",
                "sha256:f9081981fe268bd86831e5c75f7de206ef275defcb82bc70740ae6dc507aee51",
                "sha256:fa130dd50c57d53368c9d59395cb5526eda596d3ffe36666cd81a44d56e48872"
            ],
            "markers": "python_version >= '3.6'",
            "version": "==2.0.1"
        },
        "mccabe": {
            "hashes": [
                "sha256:ab8a6258860da4b6677da4bd2fe5dc2c659cff31b3ee4f7f5d64e79735b80d42",
                "sha256:dd8d182285a0fe56bace7f45b5e7d1a6ebcbf524e8f3bd87eb0f125271b8831f"
            ],
            "version": "==0.6.1"
        },
        "more-itertools": {
            "hashes": [
                "sha256:1debcabeb1df793814859d64a81ad7cb10504c24349368ccf214c664c474f41f",
                "sha256:56ddac45541718ba332db05f464bebfb0768110111affd27f66e0051f276fa43"
            ],
            "markers": "python_version >= '3.5'",
            "version": "==8.10.0"
        },
        "multidict": {
            "hashes": [
                "sha256:1ece5a3369835c20ed57adadc663400b5525904e53bae59ec854a5d36b39b21a",
                "sha256:275ca32383bc5d1894b6975bb4ca6a7ff16ab76fa622967625baeebcf8079000",
                "sha256:3750f2205b800aac4bb03b5ae48025a64e474d2c6cc79547988ba1d4122a09e2",
                "sha256:4538273208e7294b2659b1602490f4ed3ab1c8cf9dbdd817e0e9db8e64be2507",
                "sha256:5141c13374e6b25fe6bf092052ab55c0c03d21bd66c94a0e3ae371d3e4d865a5",
                "sha256:51a4d210404ac61d32dada00a50ea7ba412e6ea945bbe992e4d7a595276d2ec7",
                "sha256:5cf311a0f5ef80fe73e4f4c0f0998ec08f954a6ec72b746f3c179e37de1d210d",
                "sha256:6513728873f4326999429a8b00fc7ceddb2509b01d5fd3f3be7881a257b8d463",
                "sha256:7388d2ef3c55a8ba80da62ecfafa06a1c097c18032a501ffd4cabbc52d7f2b19",
                "sha256:9456e90649005ad40558f4cf51dbb842e32807df75146c6d940b6f5abb4a78f3",
                "sha256:c026fe9a05130e44157b98fea3ab12969e5b60691a276150db9eda71710cd10b",
                "sha256:d14842362ed4cf63751648e7672f7174c9818459d169231d03c56e84daf90b7c",
                "sha256:e0d072ae0f2a179c375f67e3da300b47e1a83293c554450b29c900e50afaae87",
                "sha256:f07acae137b71af3bb548bd8da720956a3bc9f9a0b87733e0899226a2317aeb7",
                "sha256:fbb77a75e529021e7c4a8d4e823d88ef4d23674a202be4f5addffc72cbb91430",
                "sha256:fcfbb44c59af3f8ea984de67ec7c306f618a3ec771c2843804069917a8f2e255",
                "sha256:feed85993dbdb1dbc29102f50bca65bdc68f2c0c8d352468c25b54874f23c39d"
            ],
            "markers": "python_version >= '3.5'",
            "version": "==4.7.6"
        },
        "packaging": {
            "hashes": [
                "sha256:7dc96269f53a4ccec5c0670940a4281106dd0bb343f47b7471f779df49c2fbe7",
                "sha256:c86254f9220d55e31cc94d69bade760f0847da8000def4dfe1c6b872fd14ff14"
            ],
            "markers": "python_version >= '3.6'",
            "version": "==21.0"
        },
        "pathspec": {
            "hashes": [
                "sha256:7d15c4ddb0b5c802d161efc417ec1a2558ea2653c2e8ad9c19098201dc1c993a",
                "sha256:e564499435a2673d586f6b2130bb5b95f04a3ba06f81b8f895b651a3c76aabb1"
            ],
            "version": "==0.9.0"
        },
        "pluggy": {
            "hashes": [
                "sha256:15b2acde666561e1298d71b523007ed7364de07029219b604cf808bfa1c765b0",
                "sha256:966c145cd83c96502c3c3868f50408687b38434af77734af1e9ca461a4081d2d"
            ],
            "markers": "python_version >= '2.7' and python_version not in '3.0, 3.1, 3.2, 3.3'",
            "version": "==0.13.1"
        },
        "py": {
            "hashes": [
                "sha256:21b81bda15b66ef5e1a777a21c4dcd9c20ad3efd0b3f817e7a809035269e1bd3",
                "sha256:3b80836aa6d1feeaa108e046da6423ab8f6ceda6468545ae8d02d9d58d18818a"
            ],
            "markers": "python_version >= '2.7' and python_version not in '3.0, 3.1, 3.2, 3.3'",
            "version": "==1.10.0"
        },
        "pycodestyle": {
            "hashes": [
                "sha256:95a2219d12372f05704562a14ec30bc76b05a5b297b21a5dfe3f6fac3491ae56",
                "sha256:e40a936c9a450ad81df37f549d676d127b1b66000a6c500caa2b085bc0ca976c"
            ],
            "markers": "python_version >= '2.7' and python_version not in '3.0, 3.1, 3.2, 3.3'",
            "version": "==2.5.0"
        },
        "pyflakes": {
            "hashes": [
                "sha256:17dbeb2e3f4d772725c777fabc446d5634d1038f234e77343108ce445ea69ce0",
                "sha256:d976835886f8c5b31d47970ed689944a0262b5f3afa00a5a7b4dc81e5449f8a2"
            ],
            "markers": "python_version >= '2.7' and python_version not in '3.0, 3.1, 3.2, 3.3'",
            "version": "==2.1.1"
        },
        "pygments": {
            "hashes": [
                "sha256:b8e67fe6af78f492b3c4b3e2970c0624cbf08beb1e493b2c99b9fa1b67a20380",
                "sha256:f398865f7eb6874156579fdf36bc840a03cab64d1cde9e93d68f46a425ec52c6"
            ],
            "markers": "python_version >= '3.5'",
            "version": "==2.10.0"
        },
        "pyparsing": {
            "hashes": [
                "sha256:10fb0827f908440eda768ec659627c3ac5dc20a25b4adaf50e7e10b248c17a4f",
                "sha256:f72f2294ef53f917d984093e8ac8ed5818837516132e68c67b7fdd5350c8dabf"
            ],
            "markers": "python_version >= '3.6'",
            "version": "==3.0.0rc2"
        },
        "pytest": {
            "hashes": [
                "sha256:0d5fe9189a148acc3c3eb2ac8e1ac0742cb7618c084f3d228baaec0c254b318d",
                "sha256:ff615c761e25eb25df19edddc0b970302d2a9091fbce0e7213298d85fb61fef6"
            ],
            "index": "pypi",
            "version": "==5.3.5"
        },
        "pytest-asyncio": {
            "hashes": [
                "sha256:9fac5100fd716cbecf6ef89233e8590a4ad61d729d1732e0a96b84182df1daaf",
                "sha256:d734718e25cfc32d2bf78d346e99d33724deeba774cc4afdf491530c6184b63b"
            ],
            "index": "pypi",
            "version": "==0.10.0"
        },
        "pytz": {
            "hashes": [
                "sha256:3672058bc3453457b622aab7a1c3bfd5ab0bdae451512f6cf25f64ed37f5b87c",
                "sha256:acad2d8b20a1af07d4e4c9d2e9285c5ed9104354062f275f3fcd88dcef4f1326"
            ],
            "version": "==2021.3"
        },
        "regex": {
            "hashes": [
                "sha256:0f82de529d7595011a40573cc0f27422e59cafa94943b64a4d17d966d75f2c01",
                "sha256:130a002fa386c976615a2f6d6dff0fcc25da24858994a36b14d2e3129dce7de2",
                "sha256:164e51ace4d00f07c519f85ec2209e8faaeab18bc77be6b35685c18d4ac1c22a",
                "sha256:19c4fd59747236423016ccd89b9a6485d958bf1aa7a8a902a6ba28029107a87f",
                "sha256:201890fdc8a65396cfb6aa4493201353b2a6378e27d2de65234446f8329233cb",
                "sha256:2044174af237bb9c56ecc07294cf38623ee379e8dca14b01e970f8b015c71917",
                "sha256:2ff91696888755e96230138355cbe8ce2965d930d967d6cff7c636082d038c78",
                "sha256:3b5a0660a63b0703380758a7141b96cc1c1a13dee2b8e9c280a2522962fd12af",
                "sha256:468de52dd3f20187ab5ca4fd265c1bea61a5346baef01ad0333a5e89fa9fad29",
                "sha256:4832736b3f24617e63dc919ce8c4215680ba94250a5d9e710fcc0c5f457b5028",
                "sha256:5b75a3db3aab0bfa51b6af3f820760779d360eb79f59e32c88c7fba648990b4f",
                "sha256:678d9a4ce79e1eaa4ebe88bc9769df52919eb30c597576a0deba1f3cf2360e65",
                "sha256:72a0b98d41c4508ed23a96eef41090f78630b44ba746e28cd621ecbe961e0a16",
                "sha256:740a28580520b099b804776db1e919360fcbf30a734a14c5985d5e39a39e7237",
                "sha256:74d03c256cf0aed81997e87be8e24297b5792c9718f3a735f5055ddfad392f06",
                "sha256:8bd83d9b8ee125350cd666b55294f4bc9993c4f0d9b1be9344a318d0762e94cc",
                "sha256:98743a2d827a135bf3390452be18d95839b947a099734d53c17e09a64fc09480",
                "sha256:98fe0e1b07a314f0a86dc58af4e717c379d48a403eddd8d966ab9b8bf91ce164",
                "sha256:9c613d797a3790f6b12e78a61e1cd29df7fc88135218467cf8b0891353292b9c",
                "sha256:9cd14f22425beecf727f6dbdf5c893e46ecbc5ff16197c16a6f38a9066f2d4d5",
                "sha256:ad1fedca001fefc3030d1e9022b038af429e58dc06a7e9c55e40bd1f834582ec",
                "sha256:b9dfba513eae785e3d868803f5a7e21a032cb2b038fa4a1ea7ec691037426ad3",
                "sha256:bc4637390235f1e3e2fcdd3e904ca0b42aa655ae28a78072248b2992b4ad4c08",
                "sha256:c0f49f1f03be3e4a5faaadc35db7afa2b83a871943b889f9f7bba56e0e2e8bd5",
                "sha256:c5a2ac760f2fc13a1c58131ec217779911890899ce1a0a63c9409bd23fecde6f",
                "sha256:d6432daf42f2c487b357e1aa0bdc43193f050ff53a3188bfab20b88202b53027",
                "sha256:dc1a9bedf389bf3d3627a4d2b21cbdc5fe5e0f029d1f465972f4437833dcc946",
                "sha256:de7dbf72ae80f06e79444ff9614fb5e3a7956645d513b0e12d1bbe6f3ccebd11",
                "sha256:ded4748c7be6f31fb207387ee83a3a0f625e700defe32f268cb1d350ed6e4a66",
                "sha256:e39eafa854e469d7225066c806c76b9a0acba5ff5ce36c82c0224b75e24888f2",
                "sha256:edff4e31d159672a7b9d70164b21289e4b53b239ce1dc945bf9643d266537573",
                "sha256:f1b23304855303bd97b5954edab63b8ddd56c91c41c6d4eba408228c0bae95f3",
                "sha256:f3da121de36a9ead0f32b44ea720ee8c87edbb59dca6bb980d18377d84ad58a3",
                "sha256:f68c71aabb10b1352a06515e25a425a703ba85660ae04cf074da5eb91c0af5e5",
                "sha256:f82d3adde46ac9188db3aa7e6e1690865ebb6448d245df5a3ea22284f70d9e46",
                "sha256:fd1bfc6b7347de9f0ae1fb6f9080426bed6a9ca55b5766fa4fdf7b3a29ccae9c"
            ],
            "version": "==2021.10.21"
        },
        "requests": {
            "hashes": [
                "sha256:6c1246513ecd5ecd4528a0906f910e8f0f9c6b8ec72030dc9fd154dc1a6efd24",
                "sha256:b8aa58f8cf793ffd8782d3d8cb19e66ef36f7aba4353eec859e74678b01b07a7"
            ],
            "markers": "python_version >= '2.7' and python_version not in '3.0, 3.1, 3.2, 3.3, 3.4, 3.5'",
            "version": "==2.26.0"
        },
        "sanitized-package": {
            "editable": true,
            "path": "."
        },
        "snowballstemmer": {
            "hashes": [
                "sha256:b51b447bea85f9968c13b650126a888aabd4cb4463fca868ec596826325dedc2",
                "sha256:e997baa4f2e9139951b6f4c631bad912dfd3c792467e2f03d7239464af90e914"
            ],
            "version": "==2.1.0"
        },
        "sphinx": {
            "hashes": [
                "sha256:298537cb3234578b2d954ff18c5608468229e116a9757af3b831c2b2b4819159",
                "sha256:e6e766b74f85f37a5f3e0773a1e1be8db3fcb799deb58ca6d18b70b0b44542a5"
            ],
            "index": "pypi",
            "version": "==2.3.1"
        },
        "sphinxcontrib-applehelp": {
            "hashes": [
                "sha256:806111e5e962be97c29ec4c1e7fe277bfd19e9652fb1a4392105b43e01af885a",
                "sha256:a072735ec80e7675e3f432fcae8610ecf509c5f1869d17e2eecff44389cdbc58"
            ],
            "markers": "python_version >= '3.5'",
            "version": "==1.0.2"
        },
        "sphinxcontrib-devhelp": {
            "hashes": [
                "sha256:8165223f9a335cc1af7ffe1ed31d2871f325254c0423bc0c4c7cd1c1e4734a2e",
                "sha256:ff7f1afa7b9642e7060379360a67e9c41e8f3121f2ce9164266f61b9f4b338e4"
            ],
            "markers": "python_version >= '3.5'",
            "version": "==1.0.2"
        },
        "sphinxcontrib-htmlhelp": {
            "hashes": [
                "sha256:d412243dfb797ae3ec2b59eca0e52dac12e75a241bf0e4eb861e450d06c6ed07",
                "sha256:f5f8bb2d0d629f398bf47d0d69c07bc13b65f75a81ad9e2f71a63d4b7a2f6db2"
            ],
            "markers": "python_version >= '3.6'",
            "version": "==2.0.0"
        },
        "sphinxcontrib-jsmath": {
            "hashes": [
                "sha256:2ec2eaebfb78f3f2078e73666b1415417a116cc848b72e5172e596c871103178",
                "sha256:a9925e4a4587247ed2191a22df5f6970656cb8ca2bd6284309578f2153e0c4b8"
            ],
            "markers": "python_version >= '3.5'",
            "version": "==1.0.1"
        },
        "sphinxcontrib-qthelp": {
            "hashes": [
                "sha256:4c33767ee058b70dba89a6fc5c1892c0d57a54be67ddd3e7875a18d14cba5a72",
                "sha256:bd9fc24bcb748a8d51fd4ecaade681350aa63009a347a8c14e637895444dfab6"
            ],
            "markers": "python_version >= '3.5'",
            "version": "==1.0.3"
        },
        "sphinxcontrib-serializinghtml": {
            "hashes": [
                "sha256:352a9a00ae864471d3a7ead8d7d79f5fc0b57e8b3f95e9867eb9eb28999b92fd",
                "sha256:aa5f6de5dfdf809ef505c4895e51ef5c9eac17d0f287933eb49ec495280b6952"
            ],
            "markers": "python_version >= '3.5'",
            "version": "==1.1.5"
        },
        "starlette": {
            "hashes": [
                "sha256:b316d53119813d12fa1d02ae80ef11a71ff603ff10abb143bd4aaadb59d03dd9",
                "sha256:e15689e130a358c5cb220b9aad1e7bcb8052504c321235dab431f065c77f010d"
            ],
            "index": "pypi",
            "version": "==0.13.3"
        },
        "toml": {
            "hashes": [
                "sha256:806143ae5bfb6a3c6e736a764057db0e6a0e05e338b5630894a5f779cabb4f9b",
                "sha256:b3bda1d108d5dd99f4a20d24d9c348e91c4db7ab1b749200bded2f839ccbe68f"
            ],
            "markers": "python_version >= '2.6' and python_version not in '3.0, 3.1, 3.2, 3.3'",
            "version": "==0.10.2"
        },
        "typed-ast": {
            "hashes": [
                "sha256:01ae5f73431d21eead5015997ab41afa53aa1fbe252f9da060be5dad2c730ace",
                "sha256:067a74454df670dcaa4e59349a2e5c81e567d8d65458d480a5b3dfecec08c5ff",
                "sha256:0fb71b8c643187d7492c1f8352f2c15b4c4af3f6338f21681d3681b3dc31a266",
                "sha256:1b3ead4a96c9101bef08f9f7d1217c096f31667617b58de957f690c92378b528",
                "sha256:2068531575a125b87a41802130fa7e29f26c09a2833fea68d9a40cf33902eba6",
                "sha256:209596a4ec71d990d71d5e0d312ac935d86930e6eecff6ccc7007fe54d703808",
                "sha256:2c726c276d09fc5c414693a2de063f521052d9ea7c240ce553316f70656c84d4",
                "sha256:398e44cd480f4d2b7ee8d98385ca104e35c81525dd98c519acff1b79bdaac363",
                "sha256:52b1eb8c83f178ab787f3a4283f68258525f8d70f778a2f6dd54d3b5e5fb4341",
                "sha256:5feca99c17af94057417d744607b82dd0a664fd5e4ca98061480fd8b14b18d04",
                "sha256:7538e495704e2ccda9b234b82423a4038f324f3a10c43bc088a1636180f11a41",
                "sha256:760ad187b1041a154f0e4d0f6aae3e40fdb51d6de16e5c99aedadd9246450e9e",
                "sha256:777a26c84bea6cd934422ac2e3b78863a37017618b6e5c08f92ef69853e765d3",
                "sha256:95431a26309a21874005845c21118c83991c63ea800dd44843e42a916aec5899",
                "sha256:9ad2c92ec681e02baf81fdfa056fe0d818645efa9af1f1cd5fd6f1bd2bdfd805",
                "sha256:9c6d1a54552b5330bc657b7ef0eae25d00ba7ffe85d9ea8ae6540d2197a3788c",
                "sha256:aee0c1256be6c07bd3e1263ff920c325b59849dc95392a05f258bb9b259cf39c",
                "sha256:af3d4a73793725138d6b334d9d247ce7e5f084d96284ed23f22ee626a7b88e39",
                "sha256:b36b4f3920103a25e1d5d024d155c504080959582b928e91cb608a65c3a49e1a",
                "sha256:b9574c6f03f685070d859e75c7f9eeca02d6933273b5e69572e5ff9d5e3931c3",
                "sha256:bff6ad71c81b3bba8fa35f0f1921fb24ff4476235a6e94a26ada2e54370e6da7",
                "sha256:c190f0899e9f9f8b6b7863debfb739abcb21a5c054f911ca3596d12b8a4c4c7f",
                "sha256:c907f561b1e83e93fad565bac5ba9c22d96a54e7ea0267c708bffe863cbe4075",
                "sha256:cae53c389825d3b46fb37538441f75d6aecc4174f615d048321b716df2757fb0",
                "sha256:dd4a21253f42b8d2b48410cb31fe501d32f8b9fbeb1f55063ad102fe9c425e40",
                "sha256:dde816ca9dac1d9c01dd504ea5967821606f02e510438120091b84e852367428",
                "sha256:f2362f3cb0f3172c42938946dbc5b7843c2a28aec307c49100c8b38764eb6927",
                "sha256:f328adcfebed9f11301eaedfa48e15bdece9b519fb27e6a8c01aa52a17ec31b3",
                "sha256:f8afcf15cc511ada719a88e013cec87c11aff7b91f019295eb4530f96fe5ef2f",
                "sha256:fb1bbeac803adea29cedd70781399c99138358c26d05fcbd23c13016b7f5ec65"
            ],
            "version": "==1.4.3"
        },
        "typing-extensions": {
            "hashes": [
                "sha256:49f75d16ff11f1cd258e1b988ccff82a3ca5570217d7ad8c5f48205dd99a677e",
                "sha256:d8226d10bc02a29bcc81df19a26e56a9647f8b0a6d4a83924139f4a8b01f17b7",
                "sha256:f1d25edafde516b146ecd0613dabcc61409817af4766fbbcfb8d1ad4ec441a34"
            ],
            "markers": "python_version < '3.8'",
            "version": "==3.10.0.2"
        },
        "urllib3": {
            "hashes": [
                "sha256:4987c65554f7a2dbf30c18fd48778ef124af6fab771a377103da0585e2336ece",
                "sha256:c4fdf4019605b6e5423637e01bc9fe4daef873709a7973e195ceba0a62bbc844"
            ],
            "markers": "python_version >= '2.7' and python_version not in '3.0, 3.1, 3.2, 3.3, 3.4' and python_version < '4'",
            "version": "==1.26.7"
        },
        "urouter": {
            "editable": true,
            "path": "."
        },
        "wcwidth": {
            "hashes": [
                "sha256:beb4802a9cebb9144e99086eff703a642a13d6a0052920003a230f3294bbe784",
                "sha256:c4d647b99872929fdb7bdcaa4fbe7f01413ed3d98077df798530e5b04f116c83"
            ],
            "version": "==0.2.5"
        },
        "yarl": {
            "hashes": [
                "sha256:053e09817eafb892e94e172d05406c1b3a22a93bc68f6eff5198363a3d764459",
                "sha256:08c2044a956f4ef30405f2f433ce77f1f57c2c773bf81ae43201917831044d5a",
                "sha256:15ec41a5a5fdb7bace6d7b16701f9440007a82734f69127c0fbf6d87e10f4a1e",
                "sha256:1beef4734ca1ad40a9d8c6b20a76ab46e3a2ed09f38561f01e4aa2ea82cafcef",
                "sha256:1d3b8449dfedfe94eaff2b77954258b09b24949f6818dfa444b05dbb05ae1b7e",
                "sha256:22b2430c49713bfb2f0a0dd4a8d7aab218b28476ba86fd1c78ad8899462cbcf2",
                "sha256:263c81b94e6431942b27f6f671fa62f430a0a5c14bb255f2ab69eeb9b2b66ff7",
                "sha256:2e48f27936aa838939c798f466c851ba4ae79e347e8dfce43b009c64b930df12",
                "sha256:2e7ad9db939082f5d0b9269cfd92c025cb8f2fbbb1f1b9dc5a393c639db5bd92",
                "sha256:36ec44f15193f6d5288d42ebb8e751b967ebdfb72d6830983838d45ab18edb4f",
                "sha256:376e41775aab79c5575534924a386c8e0f1a5d91db69fc6133fd27a489bcaf10",
                "sha256:38173b8c3a29945e7ecade9a3f6ff39581eee8201338ee6a2c8882db5df3e806",
                "sha256:3a31e4a8dcb1beaf167b7e7af61b88cb961b220db8d3ba1c839723630e57eef7",
                "sha256:3ad51e17cd65ea3debb0e10f0120cf8dd987c741fe423ed2285087368090b33d",
                "sha256:3d461b7a8e139b9e4b41f62eb417ffa0b98d1c46d4caf14c845e6a3b349c0bb1",
                "sha256:3def6e681cc02397e5d8141ee97b41d02932b2bcf0fb34532ad62855eab7c60e",
                "sha256:46a742ed9e363bd01be64160ce7520e92e11989bd4cb224403cfd31c101cc83d",
                "sha256:484d61c047c45670ef5967653a1d0783e232c54bf9dd786a7737036828fa8d54",
                "sha256:50127634f519b2956005891507e3aa4ac345f66a7ea7bbc2d7dcba7401f41898",
                "sha256:59c0f13f9592820c51280d1cf811294d753e4a18baf90f0139d1dc93d4b6fc5f",
                "sha256:622a36fa779efb4ff9eff5fe52730ff17521431379851a31e040958fc251670c",
                "sha256:64773840952de17851a1c7346ad7f71688c77e74248d1f0bc230e96680f84028",
                "sha256:69945d13e1bbf81784a9bc48824feb9cd66491e6a503d4e83f6cd7c7cc861361",
                "sha256:7c8d0bb76eabc5299db203e952ec55f8f4c53f08e0df4285aac8c92bd9e12675",
                "sha256:7e37786ea89a5d3ffbbf318ea9790926f8dfda83858544f128553c347ad143c6",
                "sha256:7f7655ad83d1a8afa48435a449bf2f3009293da1604f5dd95b5ddcf5f673bd69",
                "sha256:81cfacdd1e40bc931b5519499342efa388d24d262c30a3d31187bfa04f4a7001",
                "sha256:821b978f2152be7695d4331ef0621d207aedf9bbd591ba23a63412a3efc29a01",
                "sha256:82ff6f85f67500a4f74885d81659cd270eb24dfe692fe44e622b8a2fd57e7279",
                "sha256:87721b549505a546eb003252185103b5ec8147de6d3ad3714d148a5a67b6fe53",
                "sha256:8a8b10d0e7bac154f959b709fcea593cda527b234119311eb950096653816a86",
                "sha256:8b8c409aa3a7966647e7c1c524846b362a6bcbbe120bf8a176431f940d2b9a2e",
                "sha256:8ba402f32184f0b405fb281b93bd0d8ab7e3257735b57b62a6ed2e94cdf4fe50",
                "sha256:8e3ffab21db0542ffd1887f3b9575ddd58961f2cf61429cb6458afc00c4581e0",
                "sha256:8e7ebaf62e19c2feb097ffb7c94deb0f0c9fab52590784c8cd679d30ab009162",
                "sha256:8ee78c9a5f3c642219d4607680a4693b59239c27a3aa608b64ef79ddc9698039",
                "sha256:91cbe24300c11835ef186436363352b3257db7af165e0a767f4f17aa25761388",
                "sha256:9624154ec9c02a776802da1086eed7f5034bd1971977f5146233869c2ac80297",
                "sha256:98c51f02d542945d306c8e934aa2c1e66ba5e9c1c86b5bf37f3a51c8a747067e",
                "sha256:98c9ddb92b60a83c21be42c776d3d9d5ec632a762a094c41bda37b7dfbd2cd83",
                "sha256:a06d9d0b9a97fa99b84fee71d9dd11e69e21ac8a27229089f07b5e5e50e8d63c",
                "sha256:a1fa866fa24d9f4108f9e58ea8a2135655419885cdb443e36b39a346e1181532",
                "sha256:a3455c2456d6307bcfa80bc1157b8603f7d93573291f5bdc7144489ca0df4628",
                "sha256:a532d75ca74431c053a88a802e161fb3d651b8bf5821a3440bc3616e38754583",
                "sha256:a7dfc46add4cfe5578013dbc4127893edc69fe19132d2836ff2f6e49edc5ecd6",
                "sha256:a7f08819dba1e1255d6991ed37448a1bf4b1352c004bcd899b9da0c47958513d",
                "sha256:aa9f0d9b62d15182341b3e9816582f46182cab91c1a57b2d308b9a3c4e2c4f78",
                "sha256:acbf1756d9dc7cd0ae943d883be72e84e04396f6c2ff93a6ddeca929d562039f",
                "sha256:b22ea41c7e98170474a01e3eded1377d46b2dfaef45888a0005c683eaaa49285",
                "sha256:b28cfb46140efe1a6092b8c5c4994a1fe70dc83c38fbcea4992401e0c6fb9cce",
                "sha256:b36f5a63c891f813c6f04ef19675b382efc190fd5ce7e10ab19386d2548bca06",
                "sha256:b64bd24c8c9a487f4a12260dc26732bf41028816dbf0c458f17864fbebdb3131",
                "sha256:b7de92a4af85cfcaf4081f8aa6165b1d63ee5de150af3ee85f954145f93105a7",
                "sha256:bb3e478175e15e00d659fb0354a6a8db71a7811a2a5052aed98048bc972e5d2b",
                "sha256:be52bc5208d767cdd8308a9e93059b3b36d1e048fecbea0e0346d0d24a76adc0",
                "sha256:c18a4b286e8d780c3a40c31d7b79836aa93b720f71d5743f20c08b7e049ca073",
                "sha256:c63c1e208f800daad71715786bfeb1cecdc595d87e2e9b1cd234fd6e597fd71d",
                "sha256:c7015dcedb91d90a138eebdc7e432aec8966e0147ab2a55f2df27b1904fa7291",
                "sha256:cb4ff1ac7cb4500f43581b3f4cbd627d702143aa6be1fdc1fa3ebffaf4dc1be5",
                "sha256:d30d67e3486aea61bb2cbf7cf81385364c2e4f7ce7469a76ed72af76a5cdfe6b",
                "sha256:d54c925396e7891666cabc0199366ca55b27d003393465acef63fd29b8b7aa92",
                "sha256:d579957439933d752358c6a300c93110f84aae67b63dd0c19dde6ecbf4056f6b",
                "sha256:d750503682605088a14d29a4701548c15c510da4f13c8b17409c4097d5b04c52",
                "sha256:db2372e350794ce8b9f810feb094c606b7e0e4aa6807141ac4fadfe5ddd75bb0",
                "sha256:e35d8230e4b08d86ea65c32450533b906a8267a87b873f2954adeaecede85169",
                "sha256:e510dbec7c59d32eaa61ffa48173d5e3d7170a67f4a03e8f5e2e9e3971aca622",
                "sha256:e78c91faefe88d601ddd16e3882918dbde20577a2438e2320f8239c8b7507b8f",
                "sha256:eb4b3f277880c314e47720b4b6bb2c85114ab3c04c5442c9bc7006b3787904d8",
                "sha256:ec1b5a25a25c880c976d0bb3d107def085bb08dbb3db7f4442e0a2b980359d24",
                "sha256:f3cd2158b2ed0fb25c6811adfdcc47224efe075f2d68a750071dacc03a7a66e4",
                "sha256:f46cd4c43e6175030e2a56def8f1d83b64e6706eeb2bb9ab0ef4756f65eab23f",
                "sha256:fdd1b90c225a653b1bd1c0cae8edf1957892b9a09c8bf7ee6321eeb8208eac0f"
            ],
            "markers": "python_version >= '3.6'",
            "version": "==1.7.0"
        },
        "zipp": {
            "hashes": [
                "sha256:71c644c5369f4a6e07636f0aa966270449561fcea2e3d6747b8d23efaa9d7832",
                "sha256:9fe5ea21568a0a70e50f273397638d39b03353731e6cbbb3fd8502a33fec40bc"
            ],
            "markers": "python_version >= '3.6'",
            "version": "==3.6.0"
        }
    }
}
